
Microsoft Visual Studio Solution File, Format Version 12.00
# Visual Studio Version 17
VisualStudioVersion = 17.7.34031.279
MinimumVisualStudioVersion = 10.0.40219.1
Project("{FAE04EC0-301F-11D3-BF4B-00C04F79EFBC}") = "winform", "winform\winform.csproj", "{A55B0CD0-C47D-44B7-8543-0BC17FF1C90A}"
EndProject
Global
	GlobalSection(SolutionConfigurationPlatforms) = preSolution
		Debug|Any CPU = Debug|Any CPU
		Release|Any CPU = Release|Any CPU
	EndGlobalSection
	GlobalSection(ProjectConfigurationPlatforms) = postSolution
		{A55B0CD0-C47D-44B7-8543-0BC17FF1C90A}.Debug|Any CPU.ActiveCfg = Debug|Any CPU
		{A55B0CD0-C47D-44B7-8543-0BC17FF1C90A}.Debug|Any CPU.Build.0 = Debug|Any CPU
		{A55B0CD0-C47D-44B7-8543-0BC17FF1C90A}.Release|Any CPU.ActiveCfg = Release|Any CPU
		{A55B0CD0-C47D-44B7-8543-0BC17FF1C90A}.Release|Any CPU.Build.0 = Release|Any CPU
	EndGlobalSection
	GlobalSection(SolutionProperties) = preSolution
		HideSolutionNode = FALSE
	EndGlobalSection
	GlobalSection(ExtensibilityGlobals) = postSolution
		SolutionGuid = {1D3EF9BC-906E-45DB-946B-5E1920D1D369}
	EndGlobalSection
EndGlobal
